
Microsoft Visual Studio Solution File, Format Version 12.00
# Visual Studio Version 17
VisualStudioVersion = 17.7.34202.233
MinimumVisualStudioVersion = 10.0.40219.1
Project("{FAE04EC0-301F-11D3-BF4B-00C04F79EFBC}") = "WebBanHangOnline", "WebBanHangOnline\WebBanHangOnline.csproj", "{865DC6C2-FC4E-4D3D-A3CA-8F1EB605902F}"
EndProject
Global
	GlobalSection(SolutionConfigurationPlatforms) = preSolution
		Debug|Any CPU = Debug|Any CPU
		Release|Any CPU = Release|Any CPU
	EndGlobalSection
	GlobalSection(ProjectConfigurationPlatforms) = postSolution
		{865DC6C2-FC4E-4D3D-A3CA-8F1EB605902F}.Debug|Any CPU.ActiveCfg = Debug|Any CPU
		{865DC6C2-FC4E-4D3D-A3CA-8F1EB605902F}.Debug|Any CPU.Build.0 = Debug|Any CPU
		{865DC6C2-FC4E-4D3D-A3CA-8F1EB605902F}.Release|Any CPU.ActiveCfg = Release|Any CPU
		{865DC6C2-FC4E-4D3D-A3CA-8F1EB605902F}.Release|Any CPU.Build.0 = Release|Any CPU
	EndGlobalSection
	GlobalSection(SolutionProperties) = preSolution
		HideSolutionNode = FALSE
	EndGlobalSection
	GlobalSection(ExtensibilityGlobals) = postSolution
		SolutionGuid = {EB5216F1-8DDD-42BF-8F1F-A47EC8B8F142}
	EndGlobalSection
EndGlobal
